
Microsoft Visual Studio Solution File, Format Version 12.00
# Visual Studio 2012
VisualStudioVersion = 12.0.30723.0
MinimumVisualStudioVersion = 10.0.40219.1
Project("{FAE04EC0-301F-11D3-BF4B-00C04F79EFBC}") = "Lyglr.Ordrin", "Lyglr.Ordrin\Lyglr.Ordrin.csproj", "{EF96033D-A3A9-4550-A411-DD9EDBCF00F1}"
EndProject
Project("{FAE04EC0-301F-11D3-BF4B-00C04F79EFBC}") = "Lyglr.Ordrin.UnitTests", "Lyglr.Ordrin.UnitTests\Lyglr.Ordrin.UnitTests.csproj", "{759D1F86-D8CE-4C44-AE25-753968F7DA04}"
EndProject
Global
	GlobalSection(SolutionConfigurationPlatforms) = preSolution
		Debug|Any CPU = Debug|Any CPU
		Debug|ARM = Debug|ARM
		Debug|x64 = Debug|x64
		Debug|x86 = Debug|x86
		Release|Any CPU = Release|Any CPU
		Release|ARM = Release|ARM
		Release|x64 = Release|x64
		Release|x86 = Release|x86
	EndGlobalSection
	GlobalSection(ProjectConfigurationPlatforms) = postSolution
		{759D1F86-D8CE-4C44-AE25-753968F7DA04}.Debug|Any CPU.ActiveCfg = Debug|Any CPU
		{759D1F86-D8CE-4C44-AE25-753968F7DA04}.Debug|Any CPU.Build.0 = Debug|Any CPU
		{759D1F86-D8CE-4C44-AE25-753968F7DA04}.Debug|ARM.ActiveCfg = Debug|Any CPU
		{759D1F86-D8CE-4C44-AE25-753968F7DA04}.Debug|ARM.Build.0 = Debug|Any CPU
		{759D1F86-D8CE-4C44-AE25-753968F7DA04}.Debug|x64.ActiveCfg = Debug|Any CPU
		{759D1F86-D8CE-4C44-AE25-753968F7DA04}.Debug|x64.Build.0 = Debug|Any CPU
		{759D1F86-D8CE-4C44-AE25-753968F7DA04}.Debug|x86.ActiveCfg = Debug|Any CPU
		{759D1F86-D8CE-4C44-AE25-753968F7DA04}.Debug|x86.Build.0 = Debug|Any CPU
		{759D1F86-D8CE-4C44-AE25-753968F7DA04}.Release|Any CPU.ActiveCfg = Release|Any CPU
		{759D1F86-D8CE-4C44-AE25-753968F7DA04}.Release|Any CPU.Build.0 = Release|Any CPU
		{759D1F86-D8CE-4C44-AE25-753968F7DA04}.Release|ARM.ActiveCfg = Release|Any CPU
		{759D1F86-D8CE-4C44-AE25-753968F7DA04}.Release|ARM.Build.0 = Release|Any CPU
		{759D1F86-D8CE-4C44-AE25-753968F7DA04}.Release|x64.ActiveCfg = Release|Any CPU
		{759D1F86-D8CE-4C44-AE25-753968F7DA04}.Release|x64.Build.0 = Release|Any CPU
		{759D1F86-D8CE-4C44-AE25-753968F7DA04}.Release|x86.ActiveCfg = Release|Any CPU
		{759D1F86-D8CE-4C44-AE25-753968F7DA04}.Release|x86.Build.0 = Release|Any CPU
		{EF96033D-A3A9-4550-A411-DD9EDBCF00F1}.Debug|Any CPU.ActiveCfg = Release|Any CPU
		{EF96033D-A3A9-4550-A411-DD9EDBCF00F1}.Debug|Any CPU.Build.0 = Release|Any CPU
		{EF96033D-A3A9-4550-A411-DD9EDBCF00F1}.Debug|ARM.ActiveCfg = Debug|Any CPU
		{EF96033D-A3A9-4550-A411-DD9EDBCF00F1}.Debug|x64.ActiveCfg = Debug|Any CPU
		{EF96033D-A3A9-4550-A411-DD9EDBCF00F1}.Debug|x86.ActiveCfg = Debug|Any CPU
		{EF96033D-A3A9-4550-A411-DD9EDBCF00F1}.Release|Any CPU.ActiveCfg = Release|Any CPU
		{EF96033D-A3A9-4550-A411-DD9EDBCF00F1}.Release|Any CPU.Build.0 = Release|Any CPU
		{EF96033D-A3A9-4550-A411-DD9EDBCF00F1}.Release|ARM.ActiveCfg = Release|Any CPU
		{EF96033D-A3A9-4550-A411-DD9EDBCF00F1}.Release|x64.ActiveCfg = Release|Any CPU
		{EF96033D-A3A9-4550-A411-DD9EDBCF00F1}.Release|x86.ActiveCfg = Release|Any CPU
	EndGlobalSection
	GlobalSection(SolutionProperties) = preSolution
		HideSolutionNode = FALSE
	EndGlobalSection
EndGlobal
